lockfileVersion: '9.0'

settings:
  autoInstallPeers: true
  excludeLinksFromLockfile: false

importers:

  .:
    dependencies:
      effect:
        specifier: 4.0.0-beta.46
        version: 4.0.0-beta.46
    devDependencies:
      '@effect/language-service':
        specifier: ^0.85.1
        version: 0.85.1
      oxfmt:
        specifier: ^0.44.0
        version: 0.44.0
      oxlint:
        specifier: ^1.59.0
        version: 1.59.0
      typescript:
        specifier: ^6.0.2
        version: 6.0.2

packages:

  '@effect/language-service@0.85.1':
    resolution: {integrity: sha512-EXnJjIy6zQ3nUO/MZ+ynWUb8B895KZPotd1++oTs9JjDkplwM7cb6zo8Zq2zU6piwq+KflO7amXbEfj1UMpHkw==}
    hasBin: true

  '@msgpackr-extract/msgpackr-extract-darwin-arm64@3.0.3':
    resolution: {integrity: sha512-QZHtlVgbAdy2zAqNA9Gu1UpIuI8Xvsd1v8ic6B2pZmeFnFcMWiPLfWXh7TVw4eGEZ/C9TH281KwhVoeQUKbyjw==}
    cpu: [arm64]
    os: [darwin]

  '@msgpackr-extract/msgpackr-extract-darwin-x64@3.0.3':
    resolution: {integrity: sha512-mdzd3AVzYKuUmiWOQ8GNhl64/IoFGol569zNRdkLReh6LRLHOXxU4U8eq0JwaD8iFHdVGqSy4IjFL4reoWCDFw==}
    cpu: [x64]
    os: [darwin]

  '@msgpackr-extract/msgpackr-extract-linux-arm64@3.0.3':
    resolution: {integrity: sha512-YxQL+ax0XqBJDZiKimS2XQaf+2wDGVa1enVRGzEvLLVFeqa5kx2bWbtcSXgsxjQB7nRqqIGFIcLteF/sHeVtQg==}
    cpu: [arm64]
    os: [linux]

  '@msgpackr-extract/msgpackr-extract-linux-arm@3.0.3':
    resolution: {integrity: sha512-fg0uy/dG/nZEXfYilKoRe7yALaNmHoYeIoJuJ7KJ+YyU2bvY8vPv27f7UKhGRpY6euFYqEVhxCFZgAUNQBM3nw==}
    cpu: [arm]
    os: [linux]

  '@msgpackr-extract/msgpackr-extract-linux-x64@3.0.3':
    resolution: {integrity: sha512-cvwNfbP07pKUfq1uH+S6KJ7dT9K8WOE4ZiAcsrSes+UY55E/0jLYc+vq+DO7jlmqRb5zAggExKm0H7O/CBaesg==}
    cpu: [x64]
    os: [linux]

  '@msgpackr-extract/msgpackr-extract-win32-x64@3.0.3':
    resolution: {integrity: sha512-x0fWaQtYp4E6sktbsdAqnehxDgEc/VwM7uLsRCYWaiGu0ykYdZPiS8zCWdnjHwyiumousxfBm4SO31eXqwEZhQ==}
    cpu: [x64]
    os: [win32]

  '@oxfmt/binding-android-arm-eabi@0.44.0':
    resolution: {integrity: sha512-5UvghMd9SA/yvKTWCAxMAPXS1d2i054UeOf4iFjZjfayTwCINcC3oaSXjtbZfCaEpxgJod7XiOjTtby5yEv/BQ==}
    engines: {node: ^20.19.0 || >=22.12.0}
    cpu: [arm]
    os: [android]

  '@oxfmt/binding-android-arm64@0.44.0':
    resolution: {integrity: sha512-IVudM1BWfvrYO++Khtzr8q9n5Rxu7msUvoFMqzGJVdX7HfUXUDHwaH2zHZNB58svx2J56pmCUzophyaPFkcG/A==}
    engines: {node: ^20.19.0 || >=22.12.0}
    cpu: [arm64]
    os: [android]

  '@oxfmt/binding-darwin-arm64@0.44.0':
    resolution: {integrity: sha512-eWCLAIKAHfx88EqEP1Ga2yz7qVcqDU5lemn4xck+07bH182hDdprOHjbogyk0In1Djys3T0/pO2JepFnRJ41Mg==}
    engines: {node: ^20.19.0 || >=22.12.0}
    cpu: [arm64]
    os: [darwin]

  '@oxfmt/binding-darwin-x64@0.44.0':
    resolution: {integrity: sha512-eHTBznHLM49++dwz07MblQ2cOXyIgeedmE3Wgy4ptUESj38/qYZyRi1MPwC9olQJWssMeY6WI3UZ7YmU5ggvyQ==}
    engines: {node: ^20.19.0 || >=22.12.0}
    cpu: [x64]
    os: [darwin]

  '@oxfmt/binding-freebsd-x64@0.44.0':
    resolution: {integrity: sha512-jLMmbj0u0Ft43QpkUVr/0v1ZfQCGWAvU+WznEHcN3wZC/q6ox7XeSJtk9P36CCpiDSUf3sGnzbIuG1KdEMEDJQ==}
    engines: {node: ^20.19.0 || >=22.12.0}
    cpu: [x64]
    os: [freebsd]

  '@oxfmt/binding-linux-arm-gnueabihf@0.44.0':
    resolution: {integrity: sha512-n+A/u/ByK1qV8FVGOwyaSpw5NPNl0qlZfgTBqHeGIqr8Qzq1tyWZ4lAaxPoe5mZqE3w88vn3+jZtMxriHPE7tg==}
    engines: {node: ^20.19.0 || >=22.12.0}
    cpu: [arm]
    os: [linux]

  '@oxfmt/binding-linux-arm-musleabihf@0.44.0':
    resolution: {integrity: sha512-5eax+FkxyCqAi3Rw0mrZFr7+KTt/XweFsbALR+B5ljWBLBl8nHe4ADrUnb1gLEfQCJLl+Ca5FIVD4xEt95AwIw==}
    engines: {node: ^20.19.0 || >=22.12.0}
    cpu: [arm]
    os: [linux]

  '@oxfmt/binding-linux-arm64-gnu@0.44.0':
    resolution: {integrity: sha512-58l8JaHxSGOmOMOG2CIrNsnkRJAj0YcHQCmvNACniOa/vd1iRHhlPajczegzS5jwMENlqgreyiTR9iNlke8qCw==}
    engines: {node: ^20.19.0 || >=22.12.0}
    cpu: [arm64]
    os: [linux]
    libc: [glibc]

  '@oxfmt/binding-linux-arm64-musl@0.44.0':
    resolution: {integrity: sha512-AlObQIXyVRZ96LbtVljtFq0JqH5B92NU+BQeDFrXWBUWlCKAM0wF5GLfIhCLT5kQ3Sl+U0YjRJ7Alqj5hGQaCg==}
    engines: {node: ^20.19.0 || >=22.12.0}
    cpu: [arm64]
    os: [linux]
    libc: [musl]

  '@oxfmt/binding-linux-ppc64-gnu@0.44.0':
    resolution: {integrity: sha512-YcFE8/q/BbrCiIiM5piwbkA6GwJc5QqhMQp2yDrqQ2fuVkZ7CInb1aIijZ/k8EXc72qXMSwKpVlBv1w/MsGO/A==}
    engines: {node: ^20.19.0 || >=22.12.0}
    cpu: [ppc64]
    os: [linux]
    libc: [glibc]

  '@oxfmt/binding-linux-riscv64-gnu@0.44.0':
    resolution: {integrity: sha512-eOdzs6RqkRzuqNHUX5C8ISN5xfGh4xDww8OEd9YAmc3OWN8oAe5bmlIqQ+rrHLpv58/0BuU48bxkhnIGjA/ATQ==}
    engines: {node: ^20.19.0 || >=22.12.0}
    cpu: [riscv64]
    os: [linux]
    libc: [glibc]

  '@oxfmt/binding-linux-riscv64-musl@0.44.0':
    resolution: {integrity: sha512-YBgNTxntD/QvlFUfgvh8bEdwOhXiquX8gaofZJAwYa/Xp1S1DQrFVZEeck7GFktr24DztsSp8N8WtWCBwxs0Hw==}
    engines: {node: ^20.19.0 || >=22.12.0}
    cpu: [riscv64]
    os: [linux]
    libc: [musl]

  '@oxfmt/binding-linux-s390x-gnu@0.44.0':
    resolution: {integrity: sha512-GLIh1R6WHWshl/i4QQDNgj0WtT25aRO4HNUWEoitxiywyRdhTFmFEYT2rXlcl9U6/26vhmOqG5cRlMLG3ocaIA==}
    engines: {node: ^20.19.0 || >=22.12.0}
    cpu: [s390x]
    os: [linux]
    libc: [glibc]

  '@oxfmt/binding-linux-x64-gnu@0.44.0':
    resolution: {integrity: sha512-gZOpgTlOsLcLfAF9qgpTr7FIIFSKnQN3hDf/0JvQ4CIwMY7h+eilNjxq/CorqvYcEOu+LRt1W4ZS7KccEHLOdA==}
    engines: {node: ^20.19.0 || >=22.12.0}
    cpu: [x64]
    os: [linux]
    libc: [glibc]

  '@oxfmt/binding-linux-x64-musl@0.44.0':
    resolution: {integrity: sha512-1CyS9JTB+pCUFYFI6pkQGGZaT/AY5gnhHVrQQLhFba6idP9AzVYm1xbdWfywoldTYvjxQJV6x4SuduCIfP3W+A==}
    engines: {node: ^20.19.0 || >=22.12.0}
    cpu: [x64]
    os: [linux]
    libc: [musl]

  '@oxfmt/binding-openharmony-arm64@0.44.0':
    resolution: {integrity: sha512-bmEv70Ak6jLr1xotCbF5TxIKjsmQaiX+jFRtnGtfA03tJPf6VG3cKh96S21boAt3JZc+Vjx8PYcDuLj39vM2Pw==}
    engines: {node: ^20.19.0 || >=22.12.0}
    cpu: [arm64]
    os: [openharmony]

  '@oxfmt/binding-win32-arm64-msvc@0.44.0':
    resolution: {integrity: sha512-yWzB+oCpSnP/dmw85eFLAT5o35Ve5pkGS2uF/UCISpIwDqf1xa7OpmtomiqY/Vzg8VyvMbuf6vroF2khF/+1Vg==}
    engines: {node: ^20.19.0 || >=22.12.0}
    cpu: [arm64]
    os: [win32]

  '@oxfmt/binding-win32-ia32-msvc@0.44.0':
    resolution: {integrity: sha512-TcWpo18xEIE3AmIG2kpr3kz5IEhQgnx0lazl2+8L+3eTopOAUevQcmlr4nhguImNWz0OMeOZrYZOhJNCf16nlQ==}
    engines: {node: ^20.19.0 || >=22.12.0}
    cpu: [ia32]
    os: [win32]

  '@oxfmt/binding-win32-x64-msvc@0.44.0':
    resolution: {integrity: sha512-oj8aLkPJZppIM4CMQNsyir9ybM1Xw/CfGPTSsTnzpVGyljgfbdP0EVUlURiGM0BDrmw5psQ6ArmGCcUY/yABaQ==}
    engines: {node: ^20.19.0 || >=22.12.0}
    cpu: [x64]
    os: [win32]

  '@oxlint/binding-android-arm-eabi@1.59.0':
    resolution: {integrity: sha512-etYDw/UaEv936AQUd/CRMBVd+e+XuuU6wC+VzOv1STvsTyZenLChepLWqLtnyTTp4YMlM22ypzogDDwqYxv5cg==}
    engines: {node: ^20.19.0 || >=22.12.0}
    cpu: [arm]
    os: [android]

  '@oxlint/binding-android-arm64@1.59.0':
    resolution: {integrity: sha512-TgLc7XVLKH2a4h8j3vn1MDjfK33i9MY60f/bKhRGWyVzbk5LCZ4X01VZG7iHrMmi5vYbAp8//Ponigx03CLsdw==}
    engines: {node: ^20.19.0 || >=22.12.0}
    cpu: [arm64]
    os: [android]

  '@oxlint/binding-darwin-arm64@1.59.0':
    resolution: {integrity: sha512-DXyFPf5ZKldMLloRHx/B9fsxsiTQomaw7cmEW3YIJko2HgCh+GUhp9gGYwHrqlLJPsEe3dYj9JebjX92D3j3AA==}
    engines: {node: ^20.19.0 || >=22.12.0}
    cpu: [arm64]
    os: [darwin]

  '@oxlint/binding-darwin-x64@1.59.0':
    resolution: {integrity: sha512-LgvrsdgVLX1qWqIEmNsSmMXJhpAWdtUQ0M+oR0CySwi+9IHWyOGuIL8w8+u/kbZNMyZr4WUyYB5i0+D+AKgkLg==}
    engines: {node: ^20.19.0 || >=22.12.0}
    cpu: [x64]
    os: [darwin]

  '@oxlint/binding-freebsd-x64@1.59.0':
    resolution: {integrity: sha512-bOJhqX/ny4hrFuTPlyk8foSRx/vLRpxJh0jOOKN2NWW6FScXHPAA5rQbrwdQPcgGB5V8Ua51RS03fke8ssBcug==}
    engines: {node: ^20.19.0 || >=22.12.0}
    cpu: [x64]
    os: [freebsd]

  '@oxlint/binding-linux-arm-gnueabihf@1.59.0':
    resolution: {integrity: sha512-vVUXxYMF9trXCsz4m9H6U0IjehosVHxBzVgJUxly1uz4W1PdDyicaBnpC0KRXsHYretLVe+uS9pJy8iM57Kujw==}
    engines: {node: ^20.19.0 || >=22.12.0}
    cpu: [arm]
    os: [linux]

  '@oxlint/binding-linux-arm-musleabihf@1.59.0':
    resolution: {integrity: sha512-TULQW8YBPGRWg5yZpFPL54HLOnJ3/HiX6VenDPi6YfxB/jlItwSMFh3/hCeSNbh+DAMaE1Py0j5MOaivHkI/9Q==}
    engines: {node: ^20.19.0 || >=22.12.0}
    cpu: [arm]
    os: [linux]

  '@oxlint/binding-linux-arm64-gnu@1.59.0':
    resolution: {integrity: sha512-Gt54Y4eqSgYJ90xipm24xeyaPV854706o/kiT8oZvUt3VDY7qqxdqyGqchMaujd87ib+/MXvnl9WkK8Cc1BExg==}
    engines: {node: ^20.19.0 || >=22.12.0}
    cpu: [arm64]
    os: [linux]
    libc: [glibc]

  '@oxlint/binding-linux-arm64-musl@1.59.0':
    resolution: {integrity: sha512-3CtsKp7NFB3OfqQzbuAecrY7GIZeiv7AD+xutU4tefVQzlfmTI7/ygWLrvkzsDEjTlMq41rYHxgsn6Yh8tybmA==}
    engines: {node: ^20.19.0 || >=22.12.0}
    cpu: [arm64]
    os: [linux]
    libc: [musl]

  '@oxlint/binding-linux-ppc64-gnu@1.59.0':
    resolution: {integrity: sha512-K0diOpT3ncDmOfl9I1HuvpEsAuTxkts0VYwIv/w6Xiy9CdwyPBVX88Ga9l8VlGgMrwBMnSY4xIvVlVY/fkQk7Q==}
    engines: {node: ^20.19.0 || >=22.12.0}
    cpu: [ppc64]
    os: [linux]
    libc: [glibc]

  '@oxlint/binding-linux-riscv64-gnu@1.59.0':
    resolution: {integrity: sha512-xAU7+QDU6kTJJ7mJLOGgo7oOjtAtkKyFZ0Yjdb5cEo3DiCCPFLvyr08rWiQh6evZ7RiUTf+o65NY/bqttzJiQQ==}
    engines: {node: ^20.19.0 || >=22.12.0}
    cpu: [riscv64]
    os: [linux]
    libc: [glibc]

  '@oxlint/binding-linux-riscv64-musl@1.59.0':
    resolution: {integrity: sha512-KUmZmKlTTyauOnvUNVxK7G40sSSx0+w5l1UhaGsC6KPpOYHenx2oqJTnabmpLJicok7IC+3Y6fXAUOMyexaeJQ==}
    engines: {node: ^20.19.0 || >=22.12.0}
    cpu: [riscv64]
    os: [linux]
    libc: [musl]

  '@oxlint/binding-linux-s390x-gnu@1.59.0':
    resolution: {integrity: sha512-4usRxC8gS0PGdkHnRmwJt/4zrQNZyk6vL0trCxwZSsAKM+OxhB8nKiR+mhjdBbl8lbMh2gc3bZpNN/ik8c4c2A==}
    engines: {node: ^20.19.0 || >=22.12.0}
    cpu: [s390x]
    os: [linux]
    libc: [glibc]

  '@oxlint/binding-linux-x64-gnu@1.59.0':
    resolution: {integrity: sha512-s/rNE2gDmbwAOOP493xk2X7M8LZfI1LJFSSW1+yanz3vuQCFPiHkx4GY+O1HuLUDtkzGlhtMrIcxxzyYLv308w==}
    engines: {node: ^20.19.0 || >=22.12.0}
    cpu: [x64]
    os: [linux]
    libc: [glibc]

  '@oxlint/binding-linux-x64-musl@1.59.0':
    resolution: {integrity: sha512-+yYj1udJa2UvvIUmEm0IcKgc0UlPMgz0nsSTvkPL2y6n0uU5LgIHSwVu4AHhrve6j9BpVSoRksnz8c9QcvITJA==}
    engines: {node: ^20.19.0 || >=22.12.0}
    cpu: [x64]
    os: [linux]
    libc: [musl]

  '@oxlint/binding-openharmony-arm64@1.59.0':
    resolution: {integrity: sha512-bUplUb48LYsB3hHlQXP2ZMOenpieWoOyppLAnnAhuPag3MGPnt+7caxE3w/Vl9wpQsTA3gzLntQi9rxWrs7Xqg==}
    engines: {node: ^20.19.0 || >=22.12.0}
    cpu: [arm64]
    os: [openharmony]

  '@oxlint/binding-win32-arm64-msvc@1.59.0':
    resolution: {integrity: sha512-/HLsLuz42rWl7h7ePdmMTpHm2HIDmPtcEMYgm5BBEHiEiuNOrzMaUpd2z7UnNni5LGN9obJy2YoAYBLXQwazrA==}
    engines: {node: ^20.19.0 || >=22.12.0}
    cpu: [arm64]
    os: [win32]

  '@oxlint/binding-win32-ia32-msvc@1.59.0':
    resolution: {integrity: sha512-rUPy+JnanpPwV/aJCPnxAD1fW50+XPI0VkWr7f0vEbqcdsS8NpB24Rw6RsS7SdpFv8Dw+8ugCwao5nCFbqOUSg==}
    engines: {node: ^20.19.0 || >=22.12.0}
    cpu: [ia32]
    os: [win32]

  '@oxlint/binding-win32-x64-msvc@1.59.0':
    resolution: {integrity: sha512-xkE7puteDS/vUyRngLXW0t8WgdWoS/tfxXjhP/P7SMqPDx+hs44SpssO3h3qmTqECYEuXBUPzcAw5257Ka+ofA==}
    engines: {node: ^20.19.0 || >=22.12.0}
    cpu: [x64]
    os: [win32]

  '@standard-schema/spec@1.1.0':
    resolution: {integrity: sha512-l2aFy5jALhniG5HgqrD6jXLi/rUWrKvqN/qJx6yoJsgKhblVd+iqqU4RCXavm/jPityDo5TCvKMnpjKnOriy0w==}

  detect-libc@2.1.2:
    resolution: {integrity: sha512-Btj2BOOO83o3WyH59e8MgXsxEQVcarkUOpEYrubB0urwnN10yQ364rsiByU11nZlqWYZm05i/of7io4mzihBtQ==}
    engines: {node: '>=8'}

  effect@4.0.0-beta.46:
    resolution: {integrity: sha512-3f6gXvvUMtEueCRY0tU76Vq2Pej1SAwwE+s0Owd5nD53yS5n4RZhUA1rlCGFuSbQFA225pGy8vO72+lpvu7u5A==}

  fast-check@4.6.0:
    resolution: {integrity: sha512-h7H6Dm0Fy+H4ciQYFxFjXnXkzR2kr9Fb22c0UBpHnm59K2zpr2t13aPTHlltFiNT6zuxp6HMPAVVvgur4BLdpA==}
    engines: {node: '>=12.17.0'}

  find-my-way-ts@0.1.6:
    resolution: {integrity: sha512-a85L9ZoXtNAey3Y6Z+eBWW658kO/MwR7zIafkIUPUMf3isZG0NCs2pjW2wtjxAKuJPxMAsHUIP4ZPGv0o5gyTA==}

  ini@6.0.0:
    resolution: {integrity: sha512-IBTdIkzZNOpqm7q3dRqJvMaldXjDHWkEDfrwGEQTs5eaQMWV+djAhR+wahyNNMAa+qpbDUhBMVt4ZKNwpPm7xQ==}
    engines: {node: ^20.17.0 || >=22.9.0}

  kubernetes-types@1.30.0:
    resolution: {integrity: sha512-Dew1okvhM/SQcIa2rcgujNndZwU8VnSapDgdxlYoB84ZlpAD43U6KLAFqYo17ykSFGHNPrg0qry0bP+GJd9v7Q==}

  msgpackr-extract@3.0.3:
    resolution: {integrity: sha512-P0efT1C9jIdVRefqjzOQ9Xml57zpOXnIuS+csaB4MdZbTdmGDLo8XhzBG1N7aO11gKDDkJvBLULeFTo46wwreA==}
    hasBin: true

  msgpackr@1.11.9:
    resolution: {integrity: sha512-FkoAAyyA6HM8wL882EcEyFZ9s7hVADSwG9xrVx3dxxNQAtgADTrJoEWivID82Iv1zWDsv/OtbrrcZAzGzOMdNw==}

  multipasta@0.2.7:
    resolution: {integrity: sha512-KPA58d68KgGil15oDqXjkUBEBYc00XvbPj5/X+dyzeo/lWm9Nc25pQRlf1D+gv4OpK7NM0J1odrbu9JNNGvynA==}

  node-gyp-build-optional-packages@5.2.2:
    resolution: {integrity: sha512-s+w+rBWnpTMwSFbaE0UXsRlg7hU4FjekKU4eyAih5T8nJuNZT1nNsskXpxmeqSK9UzkBl6UgRlnKc8hz8IEqOw==}
    hasBin: true

  oxfmt@0.44.0:
    resolution: {integrity: sha512-lnncqvHewyRvaqdrnntVIrZV2tEddz8lbvPsQzG/zlkfvgZkwy0HP1p/2u1aCDToeg1jb9zBpbJdfkV73Itw+w==}
    engines: {node: ^20.19.0 || >=22.12.0}
    hasBin: true

  oxlint@1.59.0:
    resolution: {integrity: sha512-0xBLeGGjP4vD9pygRo8iuOkOzEU1MqOnfiOl7KYezL/QvWL8NUg6n03zXc7ZVqltiOpUxBk2zgHI3PnRIEdAvw==}
    engines: {node: ^20.19.0 || >=22.12.0}
    hasBin: true
    peerDependencies:
      oxlint-tsgolint: '>=0.18.0'
    peerDependenciesMeta:
      oxlint-tsgolint:
        optional: true

  pure-rand@8.4.0:
    resolution: {integrity: sha512-IoM8YF/jY0hiugFo/wOWqfmarlE6J0wc6fDK1PhftMk7MGhVZl88sZimmqBBFomLOCSmcCCpsfj7wXASCpvK9A==}

  tinypool@2.1.0:
    resolution: {integrity: sha512-Pugqs6M0m7Lv1I7FtxN4aoyToKg1C4tu+/381vH35y8oENM/Ai7f7C4StcoK4/+BSw9ebcS8jRiVrORFKCALLw==}
    engines: {node: ^20.0.0 || >=22.0.0}

  toml@3.0.0:
    resolution: {integrity: sha512-y/mWCZinnvxjTKYhJ+pYxwD0mRLVvOtdS2Awbgxln6iEnt4rk0yBxeSBHkGJcPucRiG0e55mwWp+g/05rsrd6w==}

  typescript@6.0.2:
    resolution: {integrity: sha512-bGdAIrZ0wiGDo5l8c++HWtbaNCWTS4UTv7RaTH/ThVIgjkveJt83m74bBHMJkuCbslY8ixgLBVZJIOiQlQTjfQ==}
    engines: {node: '>=14.17'}
    hasBin: true

  uuid@13.0.0:
    resolution: {integrity: sha512-XQegIaBTVUjSHliKqcnFqYypAd4S+WCYt5NIeRs6w/UAry7z8Y9j5ZwRRL4kzq9U3sD6v+85er9FvkEaBpji2w==}
    hasBin: true

  yaml@2.8.3:
    resolution: {integrity: sha512-AvbaCLOO2Otw/lW5bmh9d/WEdcDFdQp2Z2ZUH3pX9U2ihyUY0nvLv7J6TrWowklRGPYbB/IuIMfYgxaCPg5Bpg==}
    engines: {node: '>= 14.6'}
    hasBin: true

snapshots:

  '@effect/language-service@0.85.1': {}

  '@msgpackr-extract/msgpackr-extract-darwin-arm64@3.0.3':
    optional: true

  '@msgpackr-extract/msgpackr-extract-darwin-x64@3.0.3':
    optional: true

  '@msgpackr-extract/msgpackr-extract-linux-arm64@3.0.3':
    optional: true

  '@msgpackr-extract/msgpackr-extract-linux-arm@3.0.3':
    optional: true

  '@msgpackr-extract/msgpackr-extract-linux-x64@3.0.3':
    optional: true

  '@msgpackr-extract/msgpackr-extract-win32-x64@3.0.3':
    optional: true

  '@oxfmt/binding-android-arm-eabi@0.44.0':
    optional: true

  '@oxfmt/binding-android-arm64@0.44.0':
    optional: true

  '@oxfmt/binding-darwin-arm64@0.44.0':
    optional: true

  '@oxfmt/binding-darwin-x64@0.44.0':
    optional: true

  '@oxfmt/binding-freebsd-x64@0.44.0':
    optional: true

  '@oxfmt/binding-linux-arm-gnueabihf@0.44.0':
    optional: true

  '@oxfmt/binding-linux-arm-musleabihf@0.44.0':
    optional: true

  '@oxfmt/binding-linux-arm64-gnu@0.44.0':
    optional: true

  '@oxfmt/binding-linux-arm64-musl@0.44.0':
    optional: true

  '@oxfmt/binding-linux-ppc64-gnu@0.44.0':
    optional: true

  '@oxfmt/binding-linux-riscv64-gnu@0.44.0':
    optional: true

  '@oxfmt/binding-linux-riscv64-musl@0.44.0':
    optional: true

  '@oxfmt/binding-linux-s390x-gnu@0.44.0':
    optional: true

  '@oxfmt/binding-linux-x64-gnu@0.44.0':
    optional: true

  '@oxfmt/binding-linux-x64-musl@0.44.0':
    optional: true

  '@oxfmt/binding-openharmony-arm64@0.44.0':
    optional: true

  '@oxfmt/binding-win32-arm64-msvc@0.44.0':
    optional: true

  '@oxfmt/binding-win32-ia32-msvc@0.44.0':
    optional: true

  '@oxfmt/binding-win32-x64-msvc@0.44.0':
    optional: true

  '@oxlint/binding-android-arm-eabi@1.59.0':
    optional: true

  '@oxlint/binding-android-arm64@1.59.0':
    optional: true

  '@oxlint/binding-darwin-arm64@1.59.0':
    optional: true

  '@oxlint/binding-darwin-x64@1.59.0':
    optional: true

  '@oxlint/binding-freebsd-x64@1.59.0':
    optional: true

  '@oxlint/binding-linux-arm-gnueabihf@1.59.0':
    optional: true

  '@oxlint/binding-linux-arm-musleabihf@1.59.0':
    optional: true

  '@oxlint/binding-linux-arm64-gnu@1.59.0':
    optional: true

  '@oxlint/binding-linux-arm64-musl@1.59.0':
    optional: true

  '@oxlint/binding-linux-ppc64-gnu@1.59.0':
    optional: true

  '@oxlint/binding-linux-riscv64-gnu@1.59.0':
    optional: true

  '@oxlint/binding-linux-riscv64-musl@1.59.0':
    optional: true

  '@oxlint/binding-linux-s390x-gnu@1.59.0':
    optional: true

  '@oxlint/binding-linux-x64-gnu@1.59.0':
    optional: true

  '@oxlint/binding-linux-x64-musl@1.59.0':
    optional: true

  '@oxlint/binding-openharmony-arm64@1.59.0':
    optional: true

  '@oxlint/binding-win32-arm64-msvc@1.59.0':
    optional: true

  '@oxlint/binding-win32-ia32-msvc@1.59.0':
    optional: true

  '@oxlint/binding-win32-x64-msvc@1.59.0':
    optional: true

  '@standard-schema/spec@1.1.0': {}

  detect-libc@2.1.2:
    optional: true

  effect@4.0.0-beta.46:
    dependencies:
      '@standard-schema/spec': 1.1.0
      fast-check: 4.6.0
      find-my-way-ts: 0.1.6
      ini: 6.0.0
      kubernetes-types: 1.30.0
      msgpackr: 1.11.9
      multipasta: 0.2.7
      toml: 3.0.0
      uuid: 13.0.0
      yaml: 2.8.3

  fast-check@4.6.0:
    dependencies:
      pure-rand: 8.4.0

  find-my-way-ts@0.1.6: {}

  ini@6.0.0: {}

  kubernetes-types@1.30.0: {}

  msgpackr-extract@3.0.3:
    dependencies:
      node-gyp-build-optional-packages: 5.2.2
    optionalDependencies:
      '@msgpackr-extract/msgpackr-extract-darwin-arm64': 3.0.3
      '@msgpackr-extract/msgpackr-extract-darwin-x64': 3.0.3
      '@msgpackr-extract/msgpackr-extract-linux-arm': 3.0.3
      '@msgpackr-extract/msgpackr-extract-linux-arm64': 3.0.3
      '@msgpackr-extract/msgpackr-extract-linux-x64': 3.0.3
      '@msgpackr-extract/msgpackr-extract-win32-x64': 3.0.3
    optional: true

  msgpackr@1.11.9:
    optionalDependencies:
      msgpackr-extract: 3.0.3

  multipasta@0.2.7: {}

  node-gyp-build-optional-packages@5.2.2:
    dependencies:
      detect-libc: 2.1.2
    optional: true

  oxfmt@0.44.0:
    dependencies:
      tinypool: 2.1.0
    optionalDependencies:
      '@oxfmt/binding-android-arm-eabi': 0.44.0
      '@oxfmt/binding-android-arm64': 0.44.0
      '@oxfmt/binding-darwin-arm64': 0.44.0
      '@oxfmt/binding-darwin-x64': 0.44.0
      '@oxfmt/binding-freebsd-x64': 0.44.0
      '@oxfmt/binding-linux-arm-gnueabihf': 0.44.0
      '@oxfmt/binding-linux-arm-musleabihf': 0.44.0
      '@oxfmt/binding-linux-arm64-gnu': 0.44.0
      '@oxfmt/binding-linux-arm64-musl': 0.44.0
      '@oxfmt/binding-linux-ppc64-gnu': 0.44.0
      '@oxfmt/binding-linux-riscv64-gnu': 0.44.0
      '@oxfmt/binding-linux-riscv64-musl': 0.44.0
      '@oxfmt/binding-linux-s390x-gnu': 0.44.0
      '@oxfmt/binding-linux-x64-gnu': 0.44.0
      '@oxfmt/binding-linux-x64-musl': 0.44.0
      '@oxfmt/binding-openharmony-arm64': 0.44.0
      '@oxfmt/binding-win32-arm64-msvc': 0.44.0
      '@oxfmt/binding-win32-ia32-msvc': 0.44.0
      '@oxfmt/binding-win32-x64-msvc': 0.44.0

  oxlint@1.59.0:
    optionalDependencies:
      '@oxlint/binding-android-arm-eabi': 1.59.0
      '@oxlint/binding-android-arm64': 1.59.0
      '@oxlint/binding-darwin-arm64': 1.59.0
      '@oxlint/binding-darwin-x64': 1.59.0
      '@oxlint/binding-freebsd-x64': 1.59.0
      '@oxlint/binding-linux-arm-gnueabihf': 1.59.0
      '@oxlint/binding-linux-arm-musleabihf': 1.59.0
      '@oxlint/binding-linux-arm64-gnu': 1.59.0
      '@oxlint/binding-linux-arm64-musl': 1.59.0
      '@oxlint/binding-linux-ppc64-gnu': 1.59.0
      '@oxlint/binding-linux-riscv64-gnu': 1.59.0
      '@oxlint/binding-linux-riscv64-musl': 1.59.0
      '@oxlint/binding-linux-s390x-gnu': 1.59.0
      '@oxlint/binding-linux-x64-gnu': 1.59.0
      '@oxlint/binding-linux-x64-musl': 1.59.0
      '@oxlint/binding-openharmony-arm64': 1.59.0
      '@oxlint/binding-win32-arm64-msvc': 1.59.0
      '@oxlint/binding-win32-ia32-msvc': 1.59.0
      '@oxlint/binding-win32-x64-msvc': 1.59.0

  pure-rand@8.4.0: {}

  tinypool@2.1.0: {}

  toml@3.0.0: {}

  typescript@6.0.2: {}

  uuid@13.0.0: {}

  yaml@2.8.3: {}
